<?xml version="1.0" encoding="utf-8"?>
<Project ToolsVersion="4.0" xmlns="http://schemas.microsoft.com/developer/msbuild/2003">
  <ItemGroup>
    <Filter Include="Source Files">
      <UniqueIdentifier>{4FC737F1-C7A5-4376-A066-2A32D752A2FF}</UniqueIdentifier>
      <Extensions>cpp;c;cc;cxx;c++;cppm;ixx;def;odl;idl;hpj;bat;asm;asmx</Extensions>
    </Filter>
    <Filter Include="Header Files">
      <UniqueIdentifier>{93995380-89BD-4b04-88EB-625FBE52EBFB}</UniqueIdentifier>
      <Extensions>h;hh;hpp;hxx;h++;hm;inl;inc;ipp;xsd</Extensions>
    </Filter>
    <Filter Include="Resource Files">
      <UniqueIdentifier>{67DA6AB6-F800-4c08-8B7A-83BB121AAD01}</UniqueIdentifier>
      <Extensions>rc;ico;cur;bmp;dlg;rc2;rct;bin;rgs;gif;jpg;jpeg;jpe;resx;tiff;tif;png;wav;mfcribbon-ms</Extensions>
    </Filter>
    <Filter Include="Controller">
      <UniqueIdentifier>{c5a8f9ca-41a6-44f9-a1ac-f15e10c00927}</UniqueIdentifier>
    </Filter>
    <Filter Include="Model">
      <UniqueIdentifier>{8a3ae584-e1cb-411c-b0cb-4369764a832e}</UniqueIdentifier>
    </Filter>
    <Filter Include="View">
      <UniqueIdentifier>{598226b2-c90b-41ce-96d9-e0f3bc6ce596}</UniqueIdentifier>
    </Filter>
    <Filter Include="Enums">
      <UniqueIdentifier>{11de09f5-19c6-47eb-9ef9-6b802ba4846f}</UniqueIdentifier>
    </Filter>
    <Filter Include="Tools">
      <UniqueIdentifier>{9ec948db-e473-4049-9be3-1b090caed740}</UniqueIdentifier>
    </Filter>
    <Filter Include="Trials">
      <UniqueIdentifier>{553c2963-9739-4fe5-8a2e-9ed60a4cd230}</UniqueIdentifier>
    </Filter>
  </ItemGroup>
  <ItemGroup>
    <ClInclude Include="MvcMfcDestopApp.h">
      <Filter>Header Files</Filter>
    </ClInclude>
    <ClInclude Include="MvcMfcDestopAppDlg.h">
      <Filter>Header Files</Filter>
    </ClInclude>
    <ClInclude Include="framework.h">
      <Filter>Header Files</Filter>
    </ClInclude>
    <ClInclude Include="targetver.h">
      <Filter>Header Files</Filter>
    </ClInclude>
    <ClInclude Include="Resource.h">
      <Filter>Header Files</Filter>
    </ClInclude>
    <ClInclude Include="pch.h">
      <Filter>Header Files</Filter>
    </ClInclude>
    <ClInclude Include="Model\CompanyModel.h">
      <Filter>Model</Filter>
    </ClInclude>
    <ClInclude Include="Model\EmployeeModel.h">
      <Filter>Model</Filter>
    </ClInclude>
    <ClInclude Include="Model\LeaveModel.h">
      <Filter>Model</Filter>
    </ClInclude>
    <ClInclude Include="View\IView.h">
      <Filter>View</Filter>
    </ClInclude>
    <ClInclude Include="Model\IModel.h">
      <Filter>Model</Filter>
    </ClInclude>
    <ClInclude Include="Controller\IControler.h">
      <Filter>Controller</Filter>
    </ClInclude>
    <ClInclude Include="Controller\Controllers.h">
      <Filter>Controller</Filter>
    </ClInclude>
    <ClInclude Include="Controller\CompaniesController.h">
      <Filter>Controller</Filter>
    </ClInclude>
    <ClInclude Include="Controller\EmployeesController.h">
      <Filter>Controller</Filter>
    </ClInclude>
    <ClInclude Include="Controller\LeaveController.h">
      <Filter>Controller</Filter>
    </ClInclude>
    <ClInclude Include="Model\CompaniesModel.h">
      <Filter>Model</Filter>
    </ClInclude>
    <ClInclude Include="Model\EmployeesModel.h">
      <Filter>Model</Filter>
    </ClInclude>
    <ClInclude Include="View\EmployeeView.h">
      <Filter>View</Filter>
    </ClInclude>
    <ClInclude Include="Tools\ThreadingBase.h">
      <Filter>Tools</Filter>
    </ClInclude>
    <ClInclude Include="Tools\MessagingQueue.h">
      <Filter>Tools</Filter>
    </ClInclude>
    <ClInclude Include="Tools\Database.h">
      <Filter>Tools</Filter>
    </ClInclude>
    <ClInclude Include="Trials\Trial1.h">
      <Filter>Trials</Filter>
    </ClInclude>
  </ItemGroup>
  <ItemGroup>
    <ClCompile Include="MvcMfcDestopApp.cpp">
      <Filter>Source Files</Filter>
    </ClCompile>
    <ClCompile Include="MvcMfcDestopAppDlg.cpp">
      <Filter>Source Files</Filter>
    </ClCompile>
    <ClCompile Include="pch.cpp">
      <Filter>Source Files</Filter>
    </ClCompile>
    <ClCompile Include="Tools\Database.cpp">
      <Filter>Tools</Filter>
    </ClCompile>
    <ClCompile Include="Trials\Trial1.cpp">
      <Filter>Trials</Filter>
    </ClCompile>
  </ItemGroup>
  <ItemGroup>
    <ResourceCompile Include="MvcMfcDestopApp.rc">
      <Filter>Resource Files</Filter>
    </ResourceCompile>
  </ItemGroup>
  <ItemGroup>
    <None Include="res\MvcMfcDestopApp.rc2">
      <Filter>Resource Files</Filter>
    </None>
  </ItemGroup>
  <ItemGroup>
    <Image Include="res\MvcMfcDestopApp.ico">
      <Filter>Resource Files</Filter>
    </Image>
  </ItemGroup>
</Project>